{
  "requires": true,
  "lockfileVersion": 1,
  "dependencies": {
    "kv-storage-polyfill": {
      "version": "2.0.0",
      "resolved": "https://registry.npmjs.org/kv-storage-polyfill/-/kv-storage-polyfill-2.0.0.tgz",
      "integrity": "sha512-K4tV8kYT2YNP00GN77pJ099cpwaYCOBGYY2NsfLjUtimE49YI9OYX+MGzOGHNOttUNCKC2Y3YZpV7P+HY2tgCQ=="
    }
  }
}
