{
  "name": "@jxck/markdown",
  "version": "0.1.6",
  "lockfileVersion": 2,
  "requires": true,
  "packages": {
    "": {
      "name": "@jxck/markdown",
      "version": "0.1.6",
      "bin": {
        "markdown": "formatter.js"
      },
      "devDependencies": {
        "@types/node": "^17.0.28",
        "typescript": "^4.6.3"
      }
    },
    "node_modules/@types/node": {
      "version": "17.0.28",
      "resolved": "https://registry.npmjs.org/@types/node/-/node-17.0.28.tgz",
      "integrity": "sha512-UYmIeBnB0On70dN1iGCinsL1qH5JmIEJwa+3KX0Xw4HQJ8KA16ULlyTCNmnzfyzj/BlxZKmZLqp4TYdssnov1w==",
      "dev": true
    },
    "node_modules/typescript": {
      "version": "4.6.3",
      "resolved": "https://registry.npmjs.org/typescript/-/typescript-4.6.3.tgz",
      "integrity": "sha512-yNIatDa5iaofVozS/uQJEl3JRWLKKGJKh6Yaiv0GLGSuhpFJe7P3SbHZ8/yjAHRQwKRoA6YZqlfjXWmVzoVSMw==",
      "dev": true,
      "bin": {
        "tsc": "bin/tsc",
        "tsserver": "bin/tsserver"
      },
      "engines": {
        "node": ">=4.2.0"
      }
    }
  },
  "dependencies": {
    "@types/node": {
      "version": "17.0.28",
      "resolved": "https://registry.npmjs.org/@types/node/-/node-17.0.28.tgz",
      "integrity": "sha512-UYmIeBnB0On70dN1iGCinsL1qH5JmIEJwa+3KX0Xw4HQJ8KA16ULlyTCNmnzfyzj/BlxZKmZLqp4TYdssnov1w==",
      "dev": true
    },
    "typescript": {
      "version": "4.6.3",
      "resolved": "https://registry.npmjs.org/typescript/-/typescript-4.6.3.tgz",
      "integrity": "sha512-yNIatDa5iaofVozS/uQJEl3JRWLKKGJKh6Yaiv0GLGSuhpFJe7P3SbHZ8/yjAHRQwKRoA6YZqlfjXWmVzoVSMw==",
      "dev": true
    }
  }
}
