# THIS IS AN AUTOGENERATED FILE. DO NOT EDIT THIS FILE DIRECTLY.
# yarn lockfile v1


check-types@^7.1.5:
  version "7.1.5"
  resolved "https://registry.yarnpkg.com/check-types/-/check-types-7.1.5.tgz#a1d6b9d2fa3e7e80e3a2d373ffcc2cf10b7370c9"

clone@^2.1.1:
  version "2.1.1"
  resolved "https://registry.yarnpkg.com/clone/-/clone-2.1.1.tgz#d217d1e961118e3ac9a4b8bba3285553bf647cdb"

debug@^2.6.3:
  version "2.6.3"
  resolved "https://registry.yarnpkg.com/debug/-/debug-2.6.3.tgz#0f7eb8c30965ec08c72accfa0130c8b79984141d"
  dependencies:
    ms "0.7.2"

mediasoup@*:
  version "0.8.0"
  resolved "https://registry.yarnpkg.com/mediasoup/-/mediasoup-0.8.0.tgz#5265b5166ad9daab4970d2b68e9d2657d59849e6"
  dependencies:
    check-types "^7.1.5"
    clone "^2.1.1"
    debug "^2.6.3"
    netstring "^0.3.0"
    random-number "0.0.7"
    random-string "^0.1.2"
    sdp-transform "^2.3.0"

ms@0.7.2:
  version "0.7.2"
  resolved "https://registry.yarnpkg.com/ms/-/ms-0.7.2.tgz#ae25cf2512b3885a1d95d7f037868d8431124765"

netstring@^0.3.0:
  version "0.3.0"
  resolved "https://registry.yarnpkg.com/netstring/-/netstring-0.3.0.tgz#868dc5b20c58d3f7305531d49368eaaabd19b712"

random-number@0.0.7:
  version "0.0.7"
  resolved "https://registry.yarnpkg.com/random-number/-/random-number-0.0.7.tgz#7d62b100ade90f134235aad8c06a2d2dfa5cff48"

random-string@^0.1.2:
  version "0.1.2"
  resolved "https://registry.yarnpkg.com/random-string/-/random-string-0.1.2.tgz#2d6afb6076651316ac5b8a62d63106db31eb8d44"

sdp-transform@^2.3.0:
  version "2.3.0"
  resolved "https://registry.yarnpkg.com/sdp-transform/-/sdp-transform-2.3.0.tgz#57a9575942041d8577a869d7c74d4c3a0bd888f6"

ultron@~1.1.0:
  version "1.1.0"
  resolved "https://registry.yarnpkg.com/ultron/-/ultron-1.1.0.tgz#b07a2e6a541a815fc6a34ccd4533baec307ca864"

ws@*:
  version "2.2.2"
  resolved "https://registry.yarnpkg.com/ws/-/ws-2.2.2.tgz#aa26daf39c52b20ed716e3447f8641494a726b01"
  dependencies:
    ultron "~1.1.0"
